// !$*UTF8*$!
{
	archiveVersion = 1;
	classes = {
	};
	objectVersion = 46;
	objects = {

/* Begin PBXBuildFile section */
		1DDA35AE1AB1711F00B9E0BD /* main.m in Sources */ = {isa = PBXBuildFile; fileRef = 1DDA35AD1AB1711F00B9E0BD /* main.m */; };
		1DDA35B11AB1711F00B9E0BD /* AppDelegate.m in Sources */ = {isa = PBXBuildFile; fileRef = 1DDA35B01AB1711F00B9E0BD /* AppDelegate.m */; };
		1DDA35B41AB1711F00B9E0BD /* OrdersViewController.m in Sources */ = {isa = PBXBuildFile; fileRef = 1DDA35B31AB1711F00B9E0BD /* OrdersViewController.m */; };
		1DDA35B71AB1711F00B9E0BD /* Main.storyboard in Resources */ = {isa = PBXBuildFile; fileRef = 1DDA35B51AB1711F00B9E0BD /* Main.storyboard */; };
		1DDA35B91AB1711F00B9E0BD /* Images.xcassets in Resources */ = {isa = PBXBuildFile; fileRef = 1DDA35B81AB1711F00B9E0BD /* Images.xcassets */; };
		1DDA35BC1AB1711F00B9E0BD /* LaunchScreen.xib in Resources */ = {isa = PBXBuildFile; fileRef = 1DDA35BA1AB1711F00B9E0BD /* LaunchScreen.xib */; };
		1DDA35C81AB1711F00B9E0BD /* TyphoonStoryboardExampleTests.m in Sources */ = {isa = PBXBuildFile; fileRef = 1DDA35C71AB1711F00B9E0BD /* TyphoonStoryboardExampleTests.m */; };
/* End PBXBuildFile section */

/* Begin PBXContainerItemProxy section */
		1DDA35C21AB1711F00B9E0BD /* PBXContainerItemProxy */ = {
			isa = PBXContainerItemProxy;
			containerPortal = 1DDA35A01AB1711F00B9E0BD /* Project object */;
			proxyType = 1;
			remoteGlobalIDString = 1DDA35A71AB1711F00B9E0BD;
			remoteInfo = TyphoonStoryboardExample;
		};
/* End PBXContainerItemProxy section */

/* Begin PBXFileReference section */
		1DDA35A81AB1711F00B9E0BD /* TyphoonStoryboardExample.app */ = {isa = PBXFileReference; explicitFileType = wrapper.application; includeInIndex = 0; path = TyphoonStoryboardExample.app; sourceTree = BUILT_PRODUCTS_DIR; };
		1DDA35AC1AB1711F00B9E0BD /* Info.plist */ = {isa = PBXFileReference; lastKnownFileType = text.plist.xml; path = Info.plist; sourceTree = "<group>"; };
		1DDA35AD1AB1711F00B9E0BD /* main.m */ = {isa = PBXFileReference; lastKnownFileType = sourcecode.c.objc; path = main.m; sourceTree = "<group>"; };
		1DDA35AF1AB1711F00B9E0BD /* AppDelegate.h */ = {isa = PBXFileReference; lastKnownFileType = sourcecode.c.h; path = AppDelegate.h; sourceTree = "<group>"; };
		1DDA35B01AB1711F00B9E0BD /* AppDelegate.m */ = {isa = PBXFileReference; lastKnownFileType = sourcecode.c.objc; path = AppDelegate.m; sourceTree = "<group>"; };
		1DDA35B21AB1711F00B9E0BD /* OrdersViewController.h */ = {isa = PBXFileReference; lastKnownFileType = sourcecode.c.h; path = OrdersViewController.h; sourceTree = "<group>"; };
		1DDA35B31AB1711F00B9E0BD /* OrdersViewController.m */ = {isa = PBXFileReference; lastKnownFileType = sourcecode.c.objc; path = OrdersViewController.m; sourceTree = "<group>"; };
		1DDA35B61AB1711F00B9E0BD /* Base */ = {isa = PBXFileReference; lastKnownFileType = file.storyboard; name = Base; path = Base.lproj/Main.storyboard; sourceTree = "<group>"; };
		1DDA35B81AB1711F00B9E0BD /* Images.xcassets */ = {isa = PBXFileReference; lastKnownFileType = folder.assetcatalog; path = Images.xcassets; sourceTree = "<group>"; };
		1DDA35BB1AB1711F00B9E0BD /* Base */ = {isa = PBXFileReference; lastKnownFileType = file.xib; name = Base; path = Base.lproj/LaunchScreen.xib; sourceTree = "<group>"; };
		1DDA35C11AB1711F00B9E0BD /* TyphoonStoryboardExampleTests.xctest */ = {isa = PBXFileReference; explicitFileType = wrapper.cfbundle; includeInIndex = 0; path = TyphoonStoryboardExampleTests.xctest; sourceTree = BUILT_PRODUCTS_DIR; };
		1DDA35C61AB1711F00B9E0BD /* Info.plist */ = {isa = PBXFileReference; lastKnownFileType = text.plist.xml; path = Info.plist; sourceTree = "<group>"; };
		1DDA35C71AB1711F00B9E0BD /* TyphoonStoryboardExampleTests.m */ = {isa = PBXFileReference; lastKnownFileType = sourcecode.c.objc; path = TyphoonStoryboardExampleTests.m; sourceTree = "<group>"; };
/* End PBXFileReference section */

/* Begin PBXFrameworksBuildPhase section */
		1DDA35A51AB1711F00B9E0BD /* Frameworks */ = {
			isa = PBXFrameworksBuildPhase;
			buildActionMask = 2147483647;
			files = (
			);
			runOnlyForDeploymentPostprocessing = 0;
		};
		1DDA35BE1AB1711F00B9E0BD /* Frameworks */ = {
			isa = PBXFrameworksBuildPhase;
			buildActionMask = 2147483647;
			files = (
			);
			runOnlyForDeploymentPostprocessing = 0;
		};
/* End PBXFrameworksBuildPhase section */

/* Begin PBXGroup section */
		1DDA359F1AB1711F00B9E0BD = {
			isa = PBXGroup;
			children = (
				1DDA35AA1AB1711F00B9E0BD /* TyphoonStoryboardExample */,
				1DDA35C41AB1711F00B9E0BD /* TyphoonStoryboardExampleTests */,
				1DDA35A91AB1711F00B9E0BD /* Products */,
			);
			sourceTree = "<group>";
		};
		1DDA35A91AB1711F00B9E0BD /* Products */ = {
			isa = PBXGroup;
			children = (
				1DDA35A81AB1711F00B9E0BD /* TyphoonStoryboardExample.app */,
				1DDA35C11AB1711F00B9E0BD /* TyphoonStoryboardExampleTests.xctest */,
			);
			name = Products;
			sourceTree = "<group>";
		};
		1DDA35AA1AB1711F00B9E0BD /* TyphoonStoryboardExample */ = {
			isa = PBXGroup;
			children = (
				1DDA35AF1AB1711F00B9E0BD /* AppDelegate.h */,
				1DDA35B01AB1711F00B9E0BD /* AppDelegate.m */,
				1DDA35B21AB1711F00B9E0BD /* OrdersViewController.h */,
				1DDA35B31AB1711F00B9E0BD /* OrdersViewController.m */,
				1DDA35B51AB1711F00B9E0BD /* Main.storyboard */,
				1DDA35B81AB1711F00B9E0BD /* Images.xcassets */,
				1DDA35BA1AB1711F00B9E0BD /* LaunchScreen.xib */,
				1DDA35AB1AB1711F00B9E0BD /* Supporting Files */,
			);
			path = TyphoonStoryboardExample;
			sourceTree = "<group>";
		};
		1DDA35AB1AB1711F00B9E0BD /* Supporting Files */ = {
			isa = PBXGroup;
			children = (
				1DDA35AC1AB1711F00B9E0BD /* Info.plist */,
				1DDA35AD1AB1711F00B9E0BD /* main.m */,
			);
			name = "Supporting Files";
			sourceTree = "<group>";
		};
		1DDA35C41AB1711F00B9E0BD /* TyphoonStoryboardExampleTests */ = {
			isa = PBXGroup;
			children = (
				1DDA35C71AB1711F00B9E0BD /* TyphoonStoryboardExampleTests.m */,
				1DDA35C51AB1711F00B9E0BD /* Supporting Files */,
			);
			path = TyphoonStoryboardExampleTests;
			sourceTree = "<group>";
		};
		1DDA35C51AB1711F00B9E0BD /* Supporting Files */ = {
			isa = PBXGroup;
			children = (
				1DDA35C61AB1711F00B9E0BD /* Info.plist */,
			);
			name = "Supporting Files";
			sourceTree = "<group>";
		};
/* End PBXGroup section */

/* Begin PBXNativeTarget section */
		1DDA35A71AB1711F00B9E0BD /* TyphoonStoryboardExample */ = {
			isa = PBXNativeTarget;
			buildConfigurationList = 1DDA35CB1AB1711F00B9E0BD /* Build configuration list for PBXNativeTarget "TyphoonStoryboardExample" */;
			buildPhases = (
				1DDA35A41AB1711F00B9E0BD /* Sources */,
				1DDA35A51AB1711F00B9E0BD /* Frameworks */,
				1DDA35A61AB1711F00B9E0BD /* Resources */,
			);
			buildRules = (
			);
			dependencies = (
			);
			name = TyphoonStoryboardExample;
			productName = TyphoonStoryboardExample;
			productReference = 1DDA35A81AB1711F00B9E0BD /* TyphoonStoryboardExample.app */;
			productType = "com.apple.product-type.application";
		};
		1DDA35C01AB1711F00B9E0BD /* TyphoonStoryboardExampleTests */ = {
			isa = PBXNativeTarget;
			buildConfigurationList = 1DDA35CE1AB1711F00B9E0BD /* Build configuration list for PBXNativeTarget "TyphoonStoryboardExampleTests" */;
			buildPhases = (
				1DDA35BD1AB1711F00B9E0BD /* Sources */,
				1DDA35BE1AB1711F00B9E0BD /* Frameworks */,
				1DDA35BF1AB1711F00B9E0BD /* Resources */,
			);
			buildRules = (
			);
			dependencies = (
				1DDA35C31AB1711F00B9E0BD /* PBXTargetDependency */,
			);
			name = TyphoonStoryboardExampleTests;
			productName = TyphoonStoryboardExampleTests;
			productReference = 1DDA35C11AB1711F00B9E0BD /* TyphoonStoryboardExampleTests.xctest */;
			productType = "com.apple.product-type.bundle.unit-test";
		};
/* End PBXNativeTarget section */

/* Begin PBXProject section */
		1DDA35A01AB1711F00B9E0BD /* Project object */ = {
			isa = PBXProject;
			attributes = {
				LastUpgradeCheck = 0620;
				ORGANIZATIONNAME = Sovelu;
				TargetAttributes = {
					1DDA35A71AB1711F00B9E0BD = {
						CreatedOnToolsVersion = 6.2;
					};
					1DDA35C01AB1711F00B9E0BD = {
						CreatedOnToolsVersion = 6.2;
						TestTargetID = 1DDA35A71AB1711F00B9E0BD;
					};
				};
			};
			buildConfigurationList = 1DDA35A31AB1711F00B9E0BD /* Build configuration list for PBXProject "TyphoonStoryboardExample" */;
			compatibilityVersion = "Xcode 3.2";
			developmentRegion = English;
			hasScannedForEncodings = 0;
			knownRegions = (
				en,
				Base,
			);
			mainGroup = 1DDA359F1AB1711F00B9E0BD;
			productRefGroup = 1DDA35A91AB1711F00B9E0BD /* Products */;
			projectDirPath = "";
			projectRoot = "";
			targets = (
				1DDA35A71AB1711F00B9E0BD /* TyphoonStoryboardExample */,
				1DDA35C01AB1711F00B9E0BD /* TyphoonStoryboardExampleTests */,
			);
		};
/* End PBXProject section */

/* Begin PBXResourcesBuildPhase section */
		1DDA35A61AB1711F00B9E0BD /* Resources */ = {
			isa = PBXResourcesBuildPhase;
			buildActionMask = 2147483647;
			files = (
				1DDA35B71AB1711F00B9E0BD /* Main.storyboard in Resources */,
				1DDA35BC1AB1711F00B9E0BD /* LaunchScreen.xib in Resources */,
				1DDA35B91AB1711F00B9E0BD /* Images.xcassets in Resources */,
			);
			runOnlyForDeploymentPostprocessing = 0;
		};
		1DDA35BF1AB1711F00B9E0BD /* Resources */ = {
			isa = PBXResourcesBuildPhase;
			buildActionMask = 2147483647;
			files = (
			);
			runOnlyForDeploymentPostprocessing = 0;
		};
/* End PBXResourcesBuildPhase section */

/* Begin PBXSourcesBuildPhase section */
		1DDA35A41AB1711F00B9E0BD /* Sources */ = {
			isa = PBXSourcesBuildPhase;
			buildActionMask = 2147483647;
			files = (
				1DDA35B41AB1711F00B9E0BD /* OrdersViewController.m in Sources */,
				1DDA35B11AB1711F00B9E0BD /* AppDelegate.m in Sources */,
				1DDA35AE1AB1711F00B9E0BD /* main.m in Sources */,
			);
			runOnlyForDeploymentPostprocessing = 0;
		};
		1DDA35BD1AB1711F00B9E0BD /* Sources */ = {
			isa = PBXSourcesBuildPhase;
			buildActionMask = 2147483647;
			files = (
				1DDA35C81AB1711F00B9E0BD /* TyphoonStoryboardExampleTests.m in Sources */,
			);
			runOnlyForDeploymentPostprocessing = 0;
		};
/* End PBXSourcesBuildPhase section */

/* Begin PBXTargetDependency section */
		1DDA35C31AB1711F00B9E0BD /* PBXTargetDependency */ = {
			isa = PBXTargetDependency;
			target = 1DDA35A71AB1711F00B9E0BD /* TyphoonStoryboardExample */;
			targetProxy = 1DDA35C21AB1711F00B9E0BD /* PBXContainerItemProxy */;
		};
/* End PBXTargetDependency section */

/* Begin PBXVariantGroup section */
		1DDA35B51AB1711F00B9E0BD /* Main.storyboard */ = {
			isa = PBXVariantGroup;
			children = (
				1DDA35B61AB1711F00B9E0BD /* Base */,
			);
			name = Main.storyboard;
			sourceTree = "<group>";
		};
		1DDA35BA1AB1711F00B9E0BD /* LaunchScreen.xib */ = {
			isa = PBXVariantGroup;
			children = (
				1DDA35BB1AB1711F00B9E0BD /* Base */,
			);
			name = LaunchScreen.xib;
			sourceTree = "<group>";
		};
/* End PBXVariantGroup section */

/* Begin XCBuildConfiguration section */
		1DDA35C91AB1711F00B9E0BD /* Debug */ = {
			isa = XCBuildConfiguration;
			buildSettings = {
				ALWAYS_SEARCH_USER_PATHS = NO;
				CLANG_CXX_LANGUAGE_STANDARD = "gnu++0x";
				CLANG_CXX_LIBRARY = "libc++";
				CLANG_ENABLE_MODULES = YES;
				CLANG_ENABLE_OBJC_ARC = YES;
				CLANG_WARN_BOOL_CONVERSION = YES;
				CLANG_WARN_CONSTANT_CONVERSION = YES;
				CLANG_WARN_DIRECT_OBJC_ISA_USAGE = YES_ERROR;
				CLANG_WARN_EMPTY_BODY = YES;
				CLANG_WARN_ENUM_CONVERSION = YES;
				CLANG_WARN_INT_CONVERSION = YES;
				CLANG_WARN_OBJC_ROOT_CLASS = YES_ERROR;
				CLANG_WARN_UNREACHABLE_CODE = YES;
				CLANG_WARN__DUPLICATE_METHOD_MATCH = YES;
				"CODE_SIGN_IDENTITY[sdk=iphoneos*]" = "iPhone Developer";
				COPY_PHASE_STRIP = NO;
				ENABLE_STRICT_OBJC_MSGSEND = YES;
				GCC_C_LANGUAGE_STANDARD = gnu99;
				GCC_DYNAMIC_NO_PIC = NO;
				GCC_OPTIMIZATION_LEVEL = 0;
				GCC_PREPROCESSOR_DEFINITIONS = (
					"DEBUG=1",
					"$(inherited)",
				);
				GCC_SYMBOLS_PRIVATE_EXTERN = NO;
				GCC_WARN_64_TO_32_BIT_CONVERSION = YES;
				GCC_WARN_ABOUT_RETURN_TYPE = YES_ERROR;
				GCC_WARN_UNDECLARED_SELECTOR = YES;
				GCC_WARN_UNINITIALIZED_AUTOS = YES_AGGRESSIVE;
				GCC_WARN_UNUSED_FUNCTION = YES;
				GCC_WARN_UNUSED_VARIABLE = YES;
				IPHONEOS_DEPLOYMENT_TARGET = 8.2;
				MTL_ENABLE_DEBUG_INFO = YES;
				ONLY_ACTIVE_ARCH = YES;
				SDKROOT = iphoneos;
			};
			name = Debug;
		};
		1DDA35CA1AB1711F00B9E0BD /* Release */ = {
			isa = XCBuildConfiguration;
			buildSettings = {
				ALWAYS_SEARCH_USER_PATHS = NO;
				CLANG_CXX_LANGUAGE_STANDARD = "gnu++0x";
				CLANG_CXX_LIBRARY = "libc++";
				CLANG_ENABLE_MODULES = YES;
				CLANG_ENABLE_OBJC_ARC = YES;
				CLANG_WARN_BOOL_CONVERSION = YES;
				CLANG_WARN_CONSTANT_CONVERSION = YES;
				CLANG_WARN_DIRECT_OBJC_ISA_USAGE = YES_ERROR;
				CLANG_WARN_EMPTY_BODY = YES;
				CLANG_WARN_ENUM_CONVERSION = YES;
				CLANG_WARN_INT_CONVERSION = YES;
				CLANG_WARN_OBJC_ROOT_CLASS = YES_ERROR;
				CLANG_WARN_UNREACHABLE_CODE = YES;
				CLANG_WARN__DUPLICATE_METHOD_MATCH = YES;
				"CODE_SIGN_IDENTITY[sdk=iphoneos*]" = "iPhone Developer";
				COPY_PHASE_STRIP = NO;
				ENABLE_NS_ASSERTIONS = NO;
				ENABLE_STRICT_OBJC_MSGSEND = YES;
				GCC_C_LANGUAGE_STANDARD = gnu99;
				GCC_WARN_64_TO_32_BIT_CONVERSION = YES;
				GCC_WARN_ABOUT_RETURN_TYPE = YES_ERROR;
				GCC_WARN_UNDECLARED_SELECTOR = YES;
				GCC_WARN_UNINITIALIZED_AUTOS = YES_AGGRESSIVE;
				GCC_WARN_UNUSED_FUNCTION = YES;
				GCC_WARN_UNUSED_VARIABLE = YES;
				IPHONEOS_DEPLOYMENT_TARGET = 8.2;
				MTL_ENABLE_DEBUG_INFO = NO;
				SDKROOT = iphoneos;
				VALIDATE_PRODUCT = YES;
			};
			name = Release;
		};
		1DDA35CC1AB1711F00B9E0BD /* Debug */ = {
			isa = XCBuildConfiguration;
			buildSettings = {
				ASSETCATALOG_COMPILER_APPICON_NAME = AppIcon;
				INFOPLIST_FILE = TyphoonStoryboardExample/Info.plist;
				LD_RUNPATH_SEARCH_PATHS = "$(inherited) @executable_path/Frameworks";
				PRODUCT_NAME = "$(TARGET_NAME)";
			};
			name = Debug;
		};
		1DDA35CD1AB1711F00B9E0BD /* Release */ = {
			isa = XCBuildConfiguration;
			buildSettings = {
				ASSETCATALOG_COMPILER_APPICON_NAME = AppIcon;
				INFOPLIST_FILE = TyphoonStoryboardExample/Info.plist;
				LD_RUNPATH_SEARCH_PATHS = "$(inherited) @executable_path/Frameworks";
				PRODUCT_NAME = "$(TARGET_NAME)";
			};
			name = Release;
		};
		1DDA35CF1AB1711F00B9E0BD /* Debug */ = {
			isa = XCBuildConfiguration;
			buildSettings = {
				BUNDLE_LOADER = "$(TEST_HOST)";
				FRAMEWORK_SEARCH_PATHS = (
					"$(SDKROOT)/Developer/Library/Frameworks",
					"$(inherited)",
				);
				GCC_PREPROCESSOR_DEFINITIONS = (
					"DEBUG=1",
					"$(inherited)",
				);
				INFOPLIST_FILE = TyphoonStoryboardExampleTests/Info.plist;
				LD_RUNPATH_SEARCH_PATHS = "$(inherited) @executable_path/Frameworks @loader_path/Frameworks";
				PRODUCT_NAME = "$(TARGET_NAME)";
				TEST_HOST = "$(BUILT_PRODUCTS_DIR)/TyphoonStoryboardExample.app/TyphoonStoryboardExample";
			};
			name = Debug;
		};
		1DDA35D01AB1711F00B9E0BD /* Release */ = {
			isa = XCBuildConfiguration;
			buildSettings = {
				BUNDLE_LOADER = "$(TEST_HOST)";
				FRAMEWORK_SEARCH_PATHS = (
					"$(SDKROOT)/Developer/Library/Frameworks",
					"$(inherited)",
				);
				INFOPLIST_FILE = TyphoonStoryboardExampleTests/Info.plist;
				LD_RUNPATH_SEARCH_PATHS = "$(inherited) @executable_path/Frameworks @loader_path/Frameworks";
				PRODUCT_NAME = "$(TARGET_NAME)";
				TEST_HOST = "$(BUILT_PRODUCTS_DIR)/TyphoonStoryboardExample.app/TyphoonStoryboardExample";
			};
			name = Release;
		};
/* End XCBuildConfiguration section */

/* Begin XCConfigurationList section */
		1DDA35A31AB1711F00B9E0BD /* Build configuration list for PBXProject "TyphoonStoryboardExample" */ = {
			isa = XCConfigurationList;
			buildConfigurations = (
				1DDA35C91AB1711F00B9E0BD /* Debug */,
				1DDA35CA1AB1711F00B9E0BD /* Release */,
			);
			defaultConfigurationIsVisible = 0;
			defaultConfigurationName = Release;
		};
		1DDA35CB1AB1711F00B9E0BD /* Build configuration list for PBXNativeTarget "TyphoonStoryboardExample" */ = {
			isa = XCConfigurationList;
			buildConfigurations = (
				1DDA35CC1AB1711F00B9E0BD /* Debug */,
				1DDA35CD1AB1711F00B9E0BD /* Release */,
			);
			defaultConfigurationIsVisible = 0;
		};
		1DDA35CE1AB1711F00B9E0BD /* Build configuration list for PBXNativeTarget "TyphoonStoryboardExampleTests" */ = {
			isa = XCConfigurationList;
			buildConfigurations = (
				1DDA35CF1AB1711F00B9E0BD /* Debug */,
				1DDA35D01AB1711F00B9E0BD /* Release */,
			);
			defaultConfigurationIsVisible = 0;
		};
/* End XCConfigurationList section */
	};
	rootObject = 1DDA35A01AB1711F00B9E0BD /* Project object */;
}
